
Microsoft Visual Studio Solution File, Format Version 12.00
# Visual Studio Version 17
VisualStudioVersion = 17.9.34728.123
MinimumVisualStudioVersion = 10.0.40219.1
Project("{FAE04EC0-301F-11D3-BF4B-00C04F79EFBC}") = "NotepadApp", "NotepadApp\NotepadApp.csproj", "{74BC74A4-E86E-4848-9768-D1DE3B4CDB5A}"
EndProject
Global
	GlobalSection(SolutionConfigurationPlatforms) = preSolution
		Debug|Any CPU = Debug|Any CPU
		Release|Any CPU = Release|Any CPU
	EndGlobalSection
	GlobalSection(ProjectConfigurationPlatforms) = postSolution
		{74BC74A4-E86E-4848-9768-D1DE3B4CDB5A}.Debug|Any CPU.ActiveCfg = Debug|Any CPU
		{74BC74A4-E86E-4848-9768-D1DE3B4CDB5A}.Debug|Any CPU.Build.0 = Debug|Any CPU
		{74BC74A4-E86E-4848-9768-D1DE3B4CDB5A}.Release|Any CPU.ActiveCfg = Release|Any CPU
		{74BC74A4-E86E-4848-9768-D1DE3B4CDB5A}.Release|Any CPU.Build.0 = Release|Any CPU
	EndGlobalSection
	GlobalSection(SolutionProperties) = preSolution
		HideSolutionNode = FALSE
	EndGlobalSection
	GlobalSection(ExtensibilityGlobals) = postSolution
		SolutionGuid = {C99B4848-3576-4F81-AE63-9A8A4AAFF7B1}
	EndGlobalSection
EndGlobal
